// !$*UTF8*$!
{
	archiveVersion = 1;
	classes = {
	};
	objectVersion = 46;
	objects = {

/* Begin PBXBuildFile section */
		A1A560E81C3CAF7300A1EE42 /* AppDelegate.swift in Sources */ = {isa = PBXBuildFile; fileRef = A1A560E71C3CAF7300A1EE42 /* AppDelegate.swift */; };
		A1A560EA1C3CAF7300A1EE42 /* ViewController.swift in Sources */ = {isa = PBXBuildFile; fileRef = A1A560E91C3CAF7300A1EE42 /* ViewController.swift */; };
		A1A560ED1C3CAF7300A1EE42 /* Main.storyboard in Resources */ = {isa = PBXBuildFile; fileRef = A1A560EB1C3CAF7300A1EE42 /* Main.storyboard */; };
		A1A560EF1C3CAF7300A1EE42 /* Assets.xcassets in Resources */ = {isa = PBXBuildFile; fileRef = A1A560EE1C3CAF7300A1EE42 /* Assets.xcassets */; };
		A1A560F21C3CAF7300A1EE42 /* LaunchScreen.storyboard in Resources */ = {isa = PBXBuildFile; fileRef = A1A560F01C3CAF7300A1EE42 /* LaunchScreen.storyboard */; };
/* End PBXBuildFile section */

/* Begin PBXFileReference section */
		A1A560E41C3CAF7300A1EE42 /* MovieViewer.app */ = {isa = PBXFileReference; explicitFileType = wrapper.application; includeInIndex = 0; path = MovieViewer.app; sourceTree = BUILT_PRODUCTS_DIR; };
		A1A560E71C3CAF7300A1EE42 /* AppDelegate.swift */ = {isa = PBXFileReference; lastKnownFileType = sourcecode.swift; path = AppDelegate.swift; sourceTree = "<group>"; };
		A1A560E91C3CAF7300A1EE42 /* ViewController.swift */ = {isa = PBXFileReference; lastKnownFileType = sourcecode.swift; path = ViewController.swift; sourceTree = "<group>"; };
		A1A560EC1C3CAF7300A1EE42 /* Base */ = {isa = PBXFileReference; lastKnownFileType = file.storyboard; name = Base; path = Base.lproj/Main.storyboard; sourceTree = "<group>"; };
		A1A560EE1C3CAF7300A1EE42 /* Assets.xcassets */ = {isa = PBXFileReference; lastKnownFileType = folder.assetcatalog; path = Assets.xcassets; sourceTree = "<group>"; };
		A1A560F11C3CAF7300A1EE42 /* Base */ = {isa = PBXFileReference; lastKnownFileType = file.storyboard; name = Base; path = Base.lproj/LaunchScreen.storyboard; sourceTree = "<group>"; };
		A1A560F31C3CAF7300A1EE42 /* Info.plist */ = {isa = PBXFileReference; lastKnownFileType = text.plist.xml; path = Info.plist; sourceTree = "<group>"; };
/* End PBXFileReference section */

/* Begin PBXFrameworksBuildPhase section */
		A1A560E11C3CAF7300A1EE42 /* Frameworks */ = {
			isa = PBXFrameworksBuildPhase;
			buildActionMask = 2147483647;
			files = (
			);
			runOnlyForDeploymentPostprocessing = 0;
		};
/* End PBXFrameworksBuildPhase section */

/* Begin PBXGroup section */
		A1A560DB1C3CAF7300A1EE42 = {
			isa = PBXGroup;
			children = (
				A1A560E61C3CAF7300A1EE42 /* MovieViewer */,
				A1A560E51C3CAF7300A1EE42 /* Products */,
			);
			sourceTree = "<group>";
		};
		A1A560E51C3CAF7300A1EE42 /* Products */ = {
			isa = PBXGroup;
			children = (
				A1A560E41C3CAF7300A1EE42 /* MovieViewer.app */,
			);
			name = Products;
			sourceTree = "<group>";
		};
		A1A560E61C3CAF7300A1EE42 /* MovieViewer */ = {
			isa = PBXGroup;
			children = (
				A1A560E71C3CAF7300A1EE42 /* AppDelegate.swift */,
				A1A560E91C3CAF7300A1EE42 /* ViewController.swift */,
				A1A560EB1C3CAF7300A1EE42 /* Main.storyboard */,
				A1A560EE1C3CAF7300A1EE42 /* Assets.xcassets */,
				A1A560F01C3CAF7300A1EE42 /* LaunchScreen.storyboard */,
				A1A560F31C3CAF7300A1EE42 /* Info.plist */,
			);
			path = MovieViewer;
			sourceTree = "<group>";
		};
/* End PBXGroup section */

/* Begin PBXNativeTarget section */
		A1A560E31C3CAF7300A1EE42 /* MovieViewer */ = {
			isa = PBXNativeTarget;
			buildConfigurationList = A1A560F61C3CAF7300A1EE42 /* Build configuration list for PBXNativeTarget "MovieViewer" */;
			buildPhases = (
				A1A560E01C3CAF7300A1EE42 /* Sources */,
				A1A560E11C3CAF7300A1EE42 /* Frameworks */,
				A1A560E21C3CAF7300A1EE42 /* Resources */,
			);
			buildRules = (
			);
			dependencies = (
			);
			name = MovieViewer;
			productName = MovieViewer;
			productReference = A1A560E41C3CAF7300A1EE42 /* MovieViewer.app */;
			productType = "com.apple.product-type.application";
		};
/* End PBXNativeTarget section */

/* Begin PBXProject section */
		A1A560DC1C3CAF7300A1EE42 /* Project object */ = {
			isa = PBXProject;
			attributes = {
				LastSwiftUpdateCheck = 0720;
				LastUpgradeCheck = 0720;
				ORGANIZATIONNAME = "Eric Suarez";
				TargetAttributes = {
					A1A560E31C3CAF7300A1EE42 = {
						CreatedOnToolsVersion = 7.2;
					};
				};
			};
			buildConfigurationList = A1A560DF1C3CAF7300A1EE42 /* Build configuration list for PBXProject "MovieViewer" */;
			compatibilityVersion = "Xcode 3.2";
			developmentRegion = English;
			hasScannedForEncodings = 0;
			knownRegions = (
				en,
				Base,
			);
			mainGroup = A1A560DB1C3CAF7300A1EE42;
			productRefGroup = A1A560E51C3CAF7300A1EE42 /* Products */;
			projectDirPath = "";
			projectRoot = "";
			targets = (
				A1A560E31C3CAF7300A1EE42 /* MovieViewer */,
			);
		};
/* End PBXProject section */

/* Begin PBXResourcesBuildPhase section */
		A1A560E21C3CAF7300A1EE42 /* Resources */ = {
			isa = PBXResourcesBuildPhase;
			buildActionMask = 2147483647;
			files = (
				A1A560F21C3CAF7300A1EE42 /* LaunchScreen.storyboard in Resources */,
				A1A560EF1C3CAF7300A1EE42 /* Assets.xcassets in Resources */,
				A1A560ED1C3CAF7300A1EE42 /* Main.storyboard in Resources */,
			);
			runOnlyForDeploymentPostprocessing = 0;
		};
/* End PBXResourcesBuildPhase section */

/* Begin PBXSourcesBuildPhase section */
		A1A560E01C3CAF7300A1EE42 /* Sources */ = {
			isa = PBXSourcesBuildPhase;
			buildActionMask = 2147483647;
			files = (
				A1A560EA1C3CAF7300A1EE42 /* ViewController.swift in Sources */,
				A1A560E81C3CAF7300A1EE42 /* AppDelegate.swift in Sources */,
			);
			runOnlyForDeploymentPostprocessing = 0;
		};
/* End PBXSourcesBuildPhase section */

/* Begin PBXVariantGroup section */
		A1A560EB1C3CAF7300A1EE42 /* Main.storyboard */ = {
			isa = PBXVariantGroup;
			children = (
				A1A560EC1C3CAF7300A1EE42 /* Base */,
			);
			name = Main.storyboard;
			sourceTree = "<group>";
		};
		A1A560F01C3CAF7300A1EE42 /* LaunchScreen.storyboard */ = {
			isa = PBXVariantGroup;
			children = (
				A1A560F11C3CAF7300A1EE42 /* Base */,
			);
			name = LaunchScreen.storyboard;
			sourceTree = "<group>";
		};
/* End PBXVariantGroup section */

/* Begin XCBuildConfiguration section */
		A1A560F41C3CAF7300A1EE42 /* Debug */ = {
			isa = XCBuildConfiguration;
			buildSettings = {
				ALWAYS_SEARCH_USER_PATHS = NO;
				CLANG_CXX_LANGUAGE_STANDARD = "gnu++0x";
				CLANG_CXX_LIBRARY = "libc++";
				CLANG_ENABLE_MODULES = YES;
				CLANG_ENABLE_OBJC_ARC = YES;
				CLANG_WARN_BOOL_CONVERSION = YES;
				CLANG_WARN_CONSTANT_CONVERSION = YES;
				CLANG_WARN_DIRECT_OBJC_ISA_USAGE = YES_ERROR;
				CLANG_WARN_EMPTY_BODY = YES;
				CLANG_WARN_ENUM_CONVERSION = YES;
				CLANG_WARN_INT_CONVERSION = YES;
				CLANG_WARN_OBJC_ROOT_CLASS = YES_ERROR;
				CLANG_WARN_UNREACHABLE_CODE = YES;
				CLANG_WARN__DUPLICATE_METHOD_MATCH = YES;
				"CODE_SIGN_IDENTITY[sdk=iphoneos*]" = "iPhone Developer";
				COPY_PHASE_STRIP = NO;
				DEBUG_INFORMATION_FORMAT = dwarf;
				ENABLE_STRICT_OBJC_MSGSEND = YES;
				ENABLE_TESTABILITY = YES;
				GCC_C_LANGUAGE_STANDARD = gnu99;
				GCC_DYNAMIC_NO_PIC = NO;
				GCC_NO_COMMON_BLOCKS = YES;
				GCC_OPTIMIZATION_LEVEL = 0;
				GCC_PREPROCESSOR_DEFINITIONS = (
					"DEBUG=1",
					"$(inherited)",
				);
				GCC_WARN_64_TO_32_BIT_CONVERSION = YES;
				GCC_WARN_ABOUT_RETURN_TYPE = YES_ERROR;
				GCC_WARN_UNDECLARED_SELECTOR = YES;
				GCC_WARN_UNINITIALIZED_AUTOS = YES_AGGRESSIVE;
				GCC_WARN_UNUSED_FUNCTION = YES;
				GCC_WARN_UNUSED_VARIABLE = YES;
				IPHONEOS_DEPLOYMENT_TARGET = 9.2;
				MTL_ENABLE_DEBUG_INFO = YES;
				ONLY_ACTIVE_ARCH = YES;
				SDKROOT = iphoneos;
				SWIFT_OPTIMIZATION_LEVEL = "-Onone";
			};
			name = Debug;
		};
		A1A560F51C3CAF7300A1EE42 /* Release */ = {
			isa = XCBuildConfiguration;
			buildSettings = {
				ALWAYS_SEARCH_USER_PATHS = NO;
				CLANG_CXX_LANGUAGE_STANDARD = "gnu++0x";
				CLANG_CXX_LIBRARY = "libc++";
				CLANG_ENABLE_MODULES = YES;
				CLANG_ENABLE_OBJC_ARC = YES;
				CLANG_WARN_BOOL_CONVERSION = YES;
				CLANG_WARN_CONSTANT_CONVERSION = YES;
				CLANG_WARN_DIRECT_OBJC_ISA_USAGE = YES_ERROR;
				CLANG_WARN_EMPTY_BODY = YES;
				CLANG_WARN_ENUM_CONVERSION = YES;
				CLANG_WARN_INT_CONVERSION = YES;
				CLANG_WARN_OBJC_ROOT_CLASS = YES_ERROR;
				CLANG_WARN_UNREACHABLE_CODE = YES;
				CLANG_WARN__DUPLICATE_METHOD_MATCH = YES;
				"CODE_SIGN_IDENTITY[sdk=iphoneos*]" = "iPhone Developer";
				COPY_PHASE_STRIP = NO;
				DEBUG_INFORMATION_FORMAT = "dwarf-with-dsym";
				ENABLE_NS_ASSERTIONS = NO;
				ENABLE_STRICT_OBJC_MSGSEND = YES;
				GCC_C_LANGUAGE_STANDARD = gnu99;
				GCC_NO_COMMON_BLOCKS = YES;
				GCC_WARN_64_TO_32_BIT_CONVERSION = YES;
				GCC_WARN_ABOUT_RETURN_TYPE = YES_ERROR;
				GCC_WARN_UNDECLARED_SELECTOR = YES;
				GCC_WARN_UNINITIALIZED_AUTOS = YES_AGGRESSIVE;
				GCC_WARN_UNUSED_FUNCTION = YES;
				GCC_WARN_UNUSED_VARIABLE = YES;
				IPHONEOS_DEPLOYMENT_TARGET = 9.2;
				MTL_ENABLE_DEBUG_INFO = NO;
				SDKROOT = iphoneos;
				VALIDATE_PRODUCT = YES;
			};
			name = Release;
		};
		A1A560F71C3CAF7300A1EE42 /* Debug */ = {
			isa = XCBuildConfiguration;
			buildSettings = {
				ASSETCATALOG_COMPILER_APPICON_NAME = AppIcon;
				INFOPLIST_FILE = MovieViewer/Info.plist;
				LD_RUNPATH_SEARCH_PATHS = "$(inherited) @executable_path/Frameworks";
				PRODUCT_BUNDLE_IDENTIFIER = com.eric.MovieViewer;
				PRODUCT_NAME = "$(TARGET_NAME)";
			};
			name = Debug;
		};
		A1A560F81C3CAF7300A1EE42 /* Release */ = {
			isa = XCBuildConfiguration;
			buildSettings = {
				ASSETCATALOG_COMPILER_APPICON_NAME = AppIcon;
				INFOPLIST_FILE = MovieViewer/Info.plist;
				LD_RUNPATH_SEARCH_PATHS = "$(inherited) @executable_path/Frameworks";
				PRODUCT_BUNDLE_IDENTIFIER = com.eric.MovieViewer;
				PRODUCT_NAME = "$(TARGET_NAME)";
			};
			name = Release;
		};
/* End XCBuildConfiguration section */

/* Begin XCConfigurationList section */
		A1A560DF1C3CAF7300A1EE42 /* Build configuration list for PBXProject "MovieViewer" */ = {
			isa = XCConfigurationList;
			buildConfigurations = (
				A1A560F41C3CAF7300A1EE42 /* Debug */,
				A1A560F51C3CAF7300A1EE42 /* Release */,
			);
			defaultConfigurationIsVisible = 0;
			defaultConfigurationName = Release;
		};
		A1A560F61C3CAF7300A1EE42 /* Build configuration list for PBXNativeTarget "MovieViewer" */ = {
			isa = XCConfigurationList;
			buildConfigurations = (
				A1A560F71C3CAF7300A1EE42 /* Debug */,
				A1A560F81C3CAF7300A1EE42 /* Release */,
			);
			defaultConfigurationIsVisible = 0;
		};
/* End XCConfigurationList section */
	};
	rootObject = A1A560DC1C3CAF7300A1EE42 /* Project object */;
}
